
Microsoft Visual Studio Solution File, Format Version 12.00
# Visual Studio 15
VisualStudioVersion = 15.0.28307.1525
MinimumVisualStudioVersion = 10.0.40219.1
Project("{8BC9CEB8-8B4A-11D0-8D11-00A0C91BC942}") = "Test", "Test\Test.vcxproj", "{77CD3941-B118-4327-9724-799B2D42C1AB}"
EndProject
Global
	GlobalSection(SolutionConfigurationPlatforms) = preSolution
		Debug|x64 = Debug|x64
		Debug|x86 = Debug|x86
		Release|x64 = Release|x64
		Release|x86 = Release|x86
	EndGlobalSection
	GlobalSection(ProjectConfigurationPlatforms) = postSolution
		{77CD3941-B118-4327-9724-799B2D42C1AB}.Debug|x64.ActiveCfg = Debug|x64
		{77CD3941-B118-4327-9724-799B2D42C1AB}.Debug|x64.Build.0 = Debug|x64
		{77CD3941-B118-4327-9724-799B2D42C1AB}.Debug|x86.ActiveCfg = Debug|Win32
		{77CD3941-B118-4327-9724-799B2D42C1AB}.Debug|x86.Build.0 = Debug|Win32
		{77CD3941-B118-4327-9724-799B2D42C1AB}.Release|x64.ActiveCfg = Release|x64
		{77CD3941-B118-4327-9724-799B2D42C1AB}.Release|x64.Build.0 = Release|x64
		{77CD3941-B118-4327-9724-799B2D42C1AB}.Release|x86.ActiveCfg = Release|Win32
		{77CD3941-B118-4327-9724-799B2D42C1AB}.Release|x86.Build.0 = Release|Win32
	EndGlobalSection
	GlobalSection(SolutionProperties) = preSolution
		HideSolutionNode = FALSE
	EndGlobalSection
	GlobalSection(ExtensibilityGlobals) = postSolution
		SolutionGuid = {C4DEC439-E094-478A-A1B5-262305D8EF70}
	EndGlobalSection
EndGlobal
